// !$*UTF8*$!
{
	archiveVersion = 1;
	classes = {
	};
	objectVersion = 77;
	objects = {

/* Begin PBXBuildFile section */
		276E6F912FD4B4A4000F61EC /* AppDelegate.swift in Sources */ = {isa = PBXBuildFile; fileRef = 276E6F8A2FD4B4A4000F61EC /* AppDelegate.swift */; };
		276E6FAB2FD4D4AD000F61EC /* AppCoordinator.swift in Sources */ = {isa = PBXBuildFile; fileRef = 276E6FA92FD4C749000F61EC /* AppCoordinator.swift */; };
		276E6FAC2FD4D6A9000F61EC /* DashboardViewController.swift in Sources */ = {isa = PBXBuildFile; fileRef = 276E6FA72FD4C6F3000F61EC /* DashboardViewController.swift */; };
		276E6FAD2FD4D6B0000F61EC /* InventoryViewController.swift in Sources */ = {isa = PBXBuildFile; fileRef = 276E6FA82FD4C729000F61EC /* InventoryViewController.swift */; };
		277D61D12FD7781B00BA3656 /* Launch Screen.storyboard in Resources */ = {isa = PBXBuildFile; fileRef = 277D61D02FD7781B00BA3656 /* Launch Screen.storyboard */; };
		279774222FD782A100BD4DBA /* WatchModel.swift in Sources */ = {isa = PBXBuildFile; fileRef = 276E6FAA2FD4C84B000F61EC /* WatchModel.swift */; };
		27EA54AD2FD77C360046944B /* InventoryViewModel.swift in Sources */ = {isa = PBXBuildFile; fileRef = 27EA54AC2FD77C360046944B /* InventoryViewModel.swift */; };
		27EA54B22FD77E130046944B /* WatchRepository.swift in Sources */ = {isa = PBXBuildFile; fileRef = 27EA54B12FD77E130046944B /* WatchRepository.swift */; };
		27F2A3492FD783C80040F244 /* DashboardViewModel.swift in Sources */ = {isa = PBXBuildFile; fileRef = 27F2A3432FD783C80040F244 /* DashboardViewModel.swift */; };
/* End PBXBuildFile section */

/* Begin PBXContainerItemProxy section */
		2781B4A72FD4AF8F0063B7F0 /* PBXContainerItemProxy */ = {
			isa = PBXContainerItemProxy;
			containerPortal = 2781B4882FD4AF8C0063B7F0 /* Project object */;
			proxyType = 1;
			remoteGlobalIDString = 2781B48F2FD4AF8C0063B7F0;
			remoteInfo = InventoryManager;
		};
		2781B4B12FD4AF900063B7F0 /* PBXContainerItemProxy */ = {
			isa = PBXContainerItemProxy;
			containerPortal = 2781B4882FD4AF8C0063B7F0 /* Project object */;
			proxyType = 1;
			remoteGlobalIDString = 2781B48F2FD4AF8C0063B7F0;
			remoteInfo = InventoryManager;
		};
/* End PBXContainerItemProxy section */

/* Begin PBXFileReference section */
		276E6F8A2FD4B4A4000F61EC /* AppDelegate.swift */ = {isa = PBXFileReference; lastKnownFileType = sourcecode.swift; path = AppDelegate.swift; sourceTree = "<group>"; };
		276E6FA72FD4C6F3000F61EC /* DashboardViewController.swift */ = {isa = PBXFileReference; lastKnownFileType = sourcecode.swift; path = DashboardViewController.swift; sourceTree = "<group>"; };
		276E6FA82FD4C729000F61EC /* InventoryViewController.swift */ = {isa = PBXFileReference; lastKnownFileType = sourcecode.swift; path = InventoryViewController.swift; sourceTree = "<group>"; };
		276E6FA92FD4C749000F61EC /* AppCoordinator.swift */ = {isa = PBXFileReference; lastKnownFileType = sourcecode.swift; path = AppCoordinator.swift; sourceTree = "<group>"; };
		276E6FAA2FD4C84B000F61EC /* WatchModel.swift */ = {isa = PBXFileReference; lastKnownFileType = sourcecode.swift; path = WatchModel.swift; sourceTree = "<group>"; };
		277D61D02FD7781B00BA3656 /* Launch Screen.storyboard */ = {isa = PBXFileReference; lastKnownFileType = file.storyboard; path = "Launch Screen.storyboard"; sourceTree = "<group>"; };
		2781B4902FD4AF8C0063B7F0 /* InventoryManager.app */ = {isa = PBXFileReference; explicitFileType = wrapper.application; includeInIndex = 0; path = InventoryManager.app; sourceTree = BUILT_PRODUCTS_DIR; };
		2781B4A62FD4AF8F0063B7F0 /* InventoryManagerTests.xctest */ = {isa = PBXFileReference; explicitFileType = wrapper.cfbundle; includeInIndex = 0; path = InventoryManagerTests.xctest; sourceTree = BUILT_PRODUCTS_DIR; };
		2781B4B02FD4AF900063B7F0 /* InventoryManagerUITests.xctest */ = {isa = PBXFileReference; explicitFileType = wrapper.cfbundle; includeInIndex = 0; path = InventoryManagerUITests.xctest; sourceTree = BUILT_PRODUCTS_DIR; };
		27EA54AC2FD77C360046944B /* InventoryViewModel.swift */ = {isa = PBXFileReference; lastKnownFileType = sourcecode.swift; path = InventoryViewModel.swift; sourceTree = "<group>"; };
		27EA54B12FD77E130046944B /* WatchRepository.swift */ = {isa = PBXFileReference; lastKnownFileType = sourcecode.swift; path = WatchRepository.swift; sourceTree = "<group>"; };
		27F2A3432FD783C80040F244 /* DashboardViewModel.swift */ = {isa = PBXFileReference; lastKnownFileType = sourcecode.swift; path = DashboardViewModel.swift; sourceTree = "<group>"; };
/* End PBXFileReference section */

/* Begin PBXFileSystemSynchronizedBuildFileExceptionSet section */
		276E6FB32FD4FAC5000F61EC /* Exceptions for "InventoryManager" folder in "InventoryManager" target */ = {
			isa = PBXFileSystemSynchronizedBuildFileExceptionSet;
			membershipExceptions = (
				Info.plist,
			);
			target = 2781B48F2FD4AF8C0063B7F0 /* InventoryManager */;
		};
/* End PBXFileSystemSynchronizedBuildFileExceptionSet section */

/* Begin PBXFileSystemSynchronizedRootGroup section */
		2781B4922FD4AF8C0063B7F0 /* InventoryManager */ = {
			isa = PBXFileSystemSynchronizedRootGroup;
			exceptions = (
				276E6FB32FD4FAC5000F61EC /* Exceptions for "InventoryManager" folder in "InventoryManager" target */,
			);
			path = InventoryManager;
			sourceTree = "<group>";
		};
		2781B4A92FD4AF8F0063B7F0 /* InventoryManagerTests */ = {
			isa = PBXFileSystemSynchronizedRootGroup;
			path = InventoryManagerTests;
			sourceTree = "<group>";
		};
		2781B4B32FD4AF900063B7F0 /* InventoryManagerUITests */ = {
			isa = PBXFileSystemSynchronizedRootGroup;
			path = InventoryManagerUITests;
			sourceTree = "<group>";
		};
/* End PBXFileSystemSynchronizedRootGroup section */

/* Begin PBXFrameworksBuildPhase section */
		2781B48D2FD4AF8C0063B7F0 /* Frameworks */ = {
			isa = PBXFrameworksBuildPhase;
			buildActionMask = 2147483647;
			files = (
			);
			runOnlyForDeploymentPostprocessing = 0;
		};
		2781B4A32FD4AF8F0063B7F0 /* Frameworks */ = {
			isa = PBXFrameworksBuildPhase;
			buildActionMask = 2147483647;
			files = (
			);
			runOnlyForDeploymentPostprocessing = 0;
		};
		2781B4AD2FD4AF900063B7F0 /* Frameworks */ = {
			isa = PBXFrameworksBuildPhase;
			buildActionMask = 2147483647;
			files = (
			);
			runOnlyForDeploymentPostprocessing = 0;
		};
/* End PBXFrameworksBuildPhase section */

/* Begin PBXGroup section */
		276E6F9D2FD4C215000F61EC /* App */ = {
			isa = PBXGroup;
			children = (
				2781B4922FD4AF8C0063B7F0 /* InventoryManager */,
				276E6F8A2FD4B4A4000F61EC /* AppDelegate.swift */,
				277D61D02FD7781B00BA3656 /* Launch Screen.storyboard */,
			);
			path = App;
			sourceTree = "<group>";
		};
		276E6F9E2FD4C25A000F61EC /* Coordinators */ = {
			isa = PBXGroup;
			children = (
				276E6FA92FD4C749000F61EC /* AppCoordinator.swift */,
			);
			path = Coordinators;
			sourceTree = "<group>";
		};
		276E6F9F2FD4C2D5000F61EC /* Models */ = {
			isa = PBXGroup;
			children = (
				276E6FAA2FD4C84B000F61EC /* WatchModel.swift */,
			);
			path = Models;
			sourceTree = "<group>";
		};
		276E6FA12FD4C310000F61EC /* Modules */ = {
			isa = PBXGroup;
			children = (
				276E6FA32FD4C326000F61EC /* Inventory */,
				276E6FA22FD4C31E000F61EC /* Dashboard */,
			);
			path = Modules;
			sourceTree = "<group>";
		};
		276E6FA22FD4C31E000F61EC /* Dashboard */ = {
			isa = PBXGroup;
			children = (
				27F2A3432FD783C80040F244 /* DashboardViewModel.swift */,
				276E6FA72FD4C6F3000F61EC /* DashboardViewController.swift */,
			);
			path = Dashboard;
			sourceTree = "<group>";
		};
		276E6FA32FD4C326000F61EC /* Inventory */ = {
			isa = PBXGroup;
			children = (
				276E6FA82FD4C729000F61EC /* InventoryViewController.swift */,
				27EA54AC2FD77C360046944B /* InventoryViewModel.swift */,
			);
			path = Inventory;
			sourceTree = "<group>";
		};
		276E6FA42FD4C34A000F61EC /* Core */ = {
			isa = PBXGroup;
			children = (
				276E6FA62FD4C368000F61EC /* Components */,
				276E6FA52FD4C356000F61EC /* Extensions */,
			);
			path = Core;
			sourceTree = "<group>";
		};
		276E6FA52FD4C356000F61EC /* Extensions */ = {
			isa = PBXGroup;
			children = (
			);
			path = Extensions;
			sourceTree = "<group>";
		};
		276E6FA62FD4C368000F61EC /* Components */ = {
			isa = PBXGroup;
			children = (
			);
			path = Components;
			sourceTree = "<group>";
		};
		2781B4872FD4AF8C0063B7F0 = {
			isa = PBXGroup;
			children = (
				27EA54AE2FD77D850046944B /* Repositories */,
				276E6FA42FD4C34A000F61EC /* Core */,
				276E6FA12FD4C310000F61EC /* Modules */,
				276E6F9F2FD4C2D5000F61EC /* Models */,
				276E6F9E2FD4C25A000F61EC /* Coordinators */,
				276E6F9D2FD4C215000F61EC /* App */,
				2781B4A92FD4AF8F0063B7F0 /* InventoryManagerTests */,
				2781B4B32FD4AF900063B7F0 /* InventoryManagerUITests */,
				2781B4912FD4AF8C0063B7F0 /* Products */,
			);
			sourceTree = "<group>";
		};
		2781B4912FD4AF8C0063B7F0 /* Products */ = {
			isa = PBXGroup;
			children = (
				2781B4902FD4AF8C0063B7F0 /* InventoryManager.app */,
				2781B4A62FD4AF8F0063B7F0 /* InventoryManagerTests.xctest */,
				2781B4B02FD4AF900063B7F0 /* InventoryManagerUITests.xctest */,
			);
			name = Products;
			sourceTree = "<group>";
		};
		27EA54AE2FD77D850046944B /* Repositories */ = {
			isa = PBXGroup;
			children = (
				27EA54B12FD77E130046944B /* WatchRepository.swift */,
			);
			path = Repositories;
			sourceTree = "<group>";
		};
/* End PBXGroup section */

/* Begin PBXNativeTarget section */
		2781B48F2FD4AF8C0063B7F0 /* InventoryManager */ = {
			isa = PBXNativeTarget;
			buildConfigurationList = 2781B4B92FD4AF900063B7F0 /* Build configuration list for PBXNativeTarget "InventoryManager" */;
			buildPhases = (
				2781B48C2FD4AF8C0063B7F0 /* Sources */,
				2781B48D2FD4AF8C0063B7F0 /* Frameworks */,
				2781B48E2FD4AF8C0063B7F0 /* Resources */,
			);
			buildRules = (
			);
			dependencies = (
			);
			fileSystemSynchronizedGroups = (
				2781B4922FD4AF8C0063B7F0 /* InventoryManager */,
			);
			name = InventoryManager;
			packageProductDependencies = (
			);
			productName = InventoryManager;
			productReference = 2781B4902FD4AF8C0063B7F0 /* InventoryManager.app */;
			productType = "com.apple.product-type.application";
		};
		2781B4A52FD4AF8F0063B7F0 /* InventoryManagerTests */ = {
			isa = PBXNativeTarget;
			buildConfigurationList = 2781B4BE2FD4AF900063B7F0 /* Build configuration list for PBXNativeTarget "InventoryManagerTests" */;
			buildPhases = (
				2781B4A22FD4AF8F0063B7F0 /* Sources */,
				2781B4A32FD4AF8F0063B7F0 /* Frameworks */,
				2781B4A42FD4AF8F0063B7F0 /* Resources */,
			);
			buildRules = (
			);
			dependencies = (
				2781B4A82FD4AF8F0063B7F0 /* PBXTargetDependency */,
			);
			fileSystemSynchronizedGroups = (
				2781B4A92FD4AF8F0063B7F0 /* InventoryManagerTests */,
			);
			name = InventoryManagerTests;
			packageProductDependencies = (
			);
			productName = InventoryManagerTests;
			productReference = 2781B4A62FD4AF8F0063B7F0 /* InventoryManagerTests.xctest */;
			productType = "com.apple.product-type.bundle.unit-test";
		};
		2781B4AF2FD4AF900063B7F0 /* InventoryManagerUITests */ = {
			isa = PBXNativeTarget;
			buildConfigurationList = 2781B4C12FD4AF900063B7F0 /* Build configuration list for PBXNativeTarget "InventoryManagerUITests" */;
			buildPhases = (
				2781B4AC2FD4AF900063B7F0 /* Sources */,
				2781B4AD2FD4AF900063B7F0 /* Frameworks */,
				2781B4AE2FD4AF900063B7F0 /* Resources */,
			);
			buildRules = (
			);
			dependencies = (
				2781B4B22FD4AF900063B7F0 /* PBXTargetDependency */,
			);
			fileSystemSynchronizedGroups = (
				2781B4B32FD4AF900063B7F0 /* InventoryManagerUITests */,
			);
			name = InventoryManagerUITests;
			packageProductDependencies = (
			);
			productName = InventoryManagerUITests;
			productReference = 2781B4B02FD4AF900063B7F0 /* InventoryManagerUITests.xctest */;
			productType = "com.apple.product-type.bundle.ui-testing";
		};
/* End PBXNativeTarget section */

/* Begin PBXProject section */
		2781B4882FD4AF8C0063B7F0 /* Project object */ = {
			isa = PBXProject;
			attributes = {
				BuildIndependentTargetsInParallel = 1;
				LastSwiftUpdateCheck = 2610;
				LastUpgradeCheck = 2610;
				TargetAttributes = {
					2781B48F2FD4AF8C0063B7F0 = {
						CreatedOnToolsVersion = 26.1.1;
					};
					2781B4A52FD4AF8F0063B7F0 = {
						CreatedOnToolsVersion = 26.1.1;
						TestTargetID = 2781B48F2FD4AF8C0063B7F0;
					};
					2781B4AF2FD4AF900063B7F0 = {
						CreatedOnToolsVersion = 26.1.1;
						TestTargetID = 2781B48F2FD4AF8C0063B7F0;
					};
				};
			};
			buildConfigurationList = 2781B48B2FD4AF8C0063B7F0 /* Build configuration list for PBXProject "InventoryManager" */;
			developmentRegion = en;
			hasScannedForEncodings = 0;
			knownRegions = (
				en,
				Base,
			);
			mainGroup = 2781B4872FD4AF8C0063B7F0;
			minimizedProjectReferenceProxies = 1;
			preferredProjectObjectVersion = 77;
			productRefGroup = 2781B4912FD4AF8C0063B7F0 /* Products */;
			projectDirPath = "";
			projectRoot = "";
			targets = (
				2781B48F2FD4AF8C0063B7F0 /* InventoryManager */,
				2781B4A52FD4AF8F0063B7F0 /* InventoryManagerTests */,
				2781B4AF2FD4AF900063B7F0 /* InventoryManagerUITests */,
			);
		};
/* End PBXProject section */

/* Begin PBXResourcesBuildPhase section */
		2781B48E2FD4AF8C0063B7F0 /* Resources */ = {
			isa = PBXResourcesBuildPhase;
			buildActionMask = 2147483647;
			files = (
				277D61D12FD7781B00BA3656 /* Launch Screen.storyboard in Resources */,
			);
			runOnlyForDeploymentPostprocessing = 0;
		};
		2781B4A42FD4AF8F0063B7F0 /* Resources */ = {
			isa = PBXResourcesBuildPhase;
			buildActionMask = 2147483647;
			files = (
			);
			runOnlyForDeploymentPostprocessing = 0;
		};
		2781B4AE2FD4AF900063B7F0 /* Resources */ = {
			isa = PBXResourcesBuildPhase;
			buildActionMask = 2147483647;
			files = (
			);
			runOnlyForDeploymentPostprocessing = 0;
		};
/* End PBXResourcesBuildPhase section */

/* Begin PBXSourcesBuildPhase section */
		2781B48C2FD4AF8C0063B7F0 /* Sources */ = {
			isa = PBXSourcesBuildPhase;
			buildActionMask = 2147483647;
			files = (
				27EA54AD2FD77C360046944B /* InventoryViewModel.swift in Sources */,
				276E6FAB2FD4D4AD000F61EC /* AppCoordinator.swift in Sources */,
				27EA54B22FD77E130046944B /* WatchRepository.swift in Sources */,
				276E6FAD2FD4D6B0000F61EC /* InventoryViewController.swift in Sources */,
				27F2A3492FD783C80040F244 /* DashboardViewModel.swift in Sources */,
				279774222FD782A100BD4DBA /* WatchModel.swift in Sources */,
				276E6F912FD4B4A4000F61EC /* AppDelegate.swift in Sources */,
				276E6FAC2FD4D6A9000F61EC /* DashboardViewController.swift in Sources */,
			);
			runOnlyForDeploymentPostprocessing = 0;
		};
		2781B4A22FD4AF8F0063B7F0 /* Sources */ = {
			isa = PBXSourcesBuildPhase;
			buildActionMask = 2147483647;
			files = (
			);
			runOnlyForDeploymentPostprocessing = 0;
		};
		2781B4AC2FD4AF900063B7F0 /* Sources */ = {
			isa = PBXSourcesBuildPhase;
			buildActionMask = 2147483647;
			files = (
			);
			runOnlyForDeploymentPostprocessing = 0;
		};
/* End PBXSourcesBuildPhase section */

/* Begin PBXTargetDependency section */
		2781B4A82FD4AF8F0063B7F0 /* PBXTargetDependency */ = {
			isa = PBXTargetDependency;
			target = 2781B48F2FD4AF8C0063B7F0 /* InventoryManager */;
			targetProxy = 2781B4A72FD4AF8F0063B7F0 /* PBXContainerItemProxy */;
		};
		2781B4B22FD4AF900063B7F0 /* PBXTargetDependency */ = {
			isa = PBXTargetDependency;
			target = 2781B48F2FD4AF8C0063B7F0 /* InventoryManager */;
			targetProxy = 2781B4B12FD4AF900063B7F0 /* PBXContainerItemProxy */;
		};
/* End PBXTargetDependency section */

/* Begin XCBuildConfiguration section */
		2781B4BA2FD4AF900063B7F0 /* Debug */ = {
			isa = XCBuildConfiguration;
			buildSettings = {
				ASSETCATALOG_COMPILER_APPICON_NAME = AppIcon;
				ASSETCATALOG_COMPILER_GLOBAL_ACCENT_COLOR_NAME = AccentColor;
				CODE_SIGN_STYLE = Automatic;
				CURRENT_PROJECT_VERSION = 1;
				INFOPLIST_FILE = "/Users/Vinny/Programação/Desenvolvimento IOS/UIKit/Projetos pessoais/InventoryManager/InventoryManager/App/InventoryManager/Info.plist";
				INFOPLIST_KEY_UIApplicationSupportsIndirectInputEvents = YES;
				INFOPLIST_KEY_UILaunchStoryboardName = LaunchScreen;
				INFOPLIST_KEY_UIMainStoryboardFile = "";
				INFOPLIST_KEY_UISupportedInterfaceOrientations_iPad = "UIInterfaceOrientationPortrait UIInterfaceOrientationPortraitUpsideDown UIInterfaceOrientationLandscapeLeft UIInterfaceOrientationLandscapeRight";
				INFOPLIST_KEY_UISupportedInterfaceOrientations_iPhone = "UIInterfaceOrientationPortrait UIInterfaceOrientationLandscapeLeft UIInterfaceOrientationLandscapeRight";
				LD_RUNPATH_SEARCH_PATHS = (
					"$(inherited)",
					"@executable_path/Frameworks",
				);
				MARKETING_VERSION = 1.0;
				PRODUCT_BUNDLE_IDENTIFIER = com.ViniciusInventoryManager;
				PRODUCT_NAME = InventoryManager;
				STRING_CATALOG_GENERATE_SYMBOLS = YES;
				SWIFT_APPROACHABLE_CONCURRENCY = YES;
				SWIFT_DEFAULT_ACTOR_ISOLATION = MainActor;
				SWIFT_EMIT_LOC_STRINGS = YES;
				SWIFT_UPCOMING_FEATURE_MEMBER_IMPORT_VISIBILITY = YES;
				SWIFT_VERSION = 5.0;
				TARGETED_DEVICE_FAMILY = "1,2";
			};
			name = Debug;
		};
		2781B4BB2FD4AF900063B7F0 /* Release */ = {
			isa = XCBuildConfiguration;
			buildSettings = {
				ASSETCATALOG_COMPILER_APPICON_NAME = AppIcon;
				ASSETCATALOG_COMPILER_GLOBAL_ACCENT_COLOR_NAME = AccentColor;
				CODE_SIGN_STYLE = Automatic;
				CURRENT_PROJECT_VERSION = 1;
				INFOPLIST_FILE = "/Users/Vinny/Programação/Desenvolvimento IOS/UIKit/Projetos pessoais/InventoryManager/InventoryManager/App/InventoryManager/Info.plist";
				INFOPLIST_KEY_UIApplicationSupportsIndirectInputEvents = YES;
				INFOPLIST_KEY_UILaunchStoryboardName = LaunchScreen;
				INFOPLIST_KEY_UIMainStoryboardFile = "";
				INFOPLIST_KEY_UISupportedInterfaceOrientations_iPad = "UIInterfaceOrientationPortrait UIInterfaceOrientationPortraitUpsideDown UIInterfaceOrientationLandscapeLeft UIInterfaceOrientationLandscapeRight";
				INFOPLIST_KEY_UISupportedInterfaceOrientations_iPhone = "UIInterfaceOrientationPortrait UIInterfaceOrientationLandscapeLeft UIInterfaceOrientationLandscapeRight";
				LD_RUNPATH_SEARCH_PATHS = (
					"$(inherited)",
					"@executable_path/Frameworks",
				);
				MARKETING_VERSION = 1.0;
				PRODUCT_BUNDLE_IDENTIFIER = com.ViniciusInventoryManager;
				PRODUCT_NAME = InventoryManager;
				STRING_CATALOG_GENERATE_SYMBOLS = YES;
				SWIFT_APPROACHABLE_CONCURRENCY = YES;
				SWIFT_DEFAULT_ACTOR_ISOLATION = MainActor;
				SWIFT_EMIT_LOC_STRINGS = YES;
				SWIFT_UPCOMING_FEATURE_MEMBER_IMPORT_VISIBILITY = YES;
				SWIFT_VERSION = 5.0;
				TARGETED_DEVICE_FAMILY = "1,2";
			};
			name = Release;
		};
		2781B4BC2FD4AF900063B7F0 /* Debug */ = {
			isa = XCBuildConfiguration;
			buildSettings = {
				ALWAYS_SEARCH_USER_PATHS = NO;
				ASSETCATALOG_COMPILER_GENERATE_SWIFT_ASSET_SYMBOL_EXTENSIONS = YES;
				CLANG_ANALYZER_NONNULL = YES;
				CLANG_ANALYZER_NUMBER_OBJECT_CONVERSION = YES_AGGRESSIVE;
				CLANG_CXX_LANGUAGE_STANDARD = "gnu++20";
				CLANG_ENABLE_MODULES = YES;
				CLANG_ENABLE_OBJC_ARC = YES;
				CLANG_ENABLE_OBJC_WEAK = YES;
				CLANG_WARN_BLOCK_CAPTURE_AUTORELEASING = YES;
				CLANG_WARN_BOOL_CONVERSION = YES;
				CLANG_WARN_COMMA = YES;
				CLANG_WARN_CONSTANT_CONVERSION = YES;
				CLANG_WARN_DEPRECATED_OBJC_IMPLEMENTATIONS = YES;
				CLANG_WARN_DIRECT_OBJC_ISA_USAGE = YES_ERROR;
				CLANG_WARN_DOCUMENTATION_COMMENTS = YES;
				CLANG_WARN_EMPTY_BODY = YES;
				CLANG_WARN_ENUM_CONVERSION = YES;
				CLANG_WARN_INFINITE_RECURSION = YES;
				CLANG_WARN_INT_CONVERSION = YES;
				CLANG_WARN_NON_LITERAL_NULL_CONVERSION = YES;
				CLANG_WARN_OBJC_IMPLICIT_RETAIN_SELF = YES;
				CLANG_WARN_OBJC_LITERAL_CONVERSION = YES;
				CLANG_WARN_OBJC_ROOT_CLASS = YES_ERROR;
				CLANG_WARN_QUOTED_INCLUDE_IN_FRAMEWORK_HEADER = YES;
				CLANG_WARN_RANGE_LOOP_ANALYSIS = YES;
				CLANG_WARN_STRICT_PROTOTYPES = YES;
				CLANG_WARN_SUSPICIOUS_MOVE = YES;
				CLANG_WARN_UNGUARDED_AVAILABILITY = YES_AGGRESSIVE;
				CLANG_WARN_UNREACHABLE_CODE = YES;
				CLANG_WARN__DUPLICATE_METHOD_MATCH = YES;
				COPY_PHASE_STRIP = NO;
				DEBUG_INFORMATION_FORMAT = dwarf;
				ENABLE_STRICT_OBJC_MSGSEND = YES;
				ENABLE_TESTABILITY = YES;
				ENABLE_USER_SCRIPT_SANDBOXING = YES;
				GCC_C_LANGUAGE_STANDARD = gnu17;
				GCC_DYNAMIC_NO_PIC = NO;
				GCC_NO_COMMON_BLOCKS = YES;
				GCC_OPTIMIZATION_LEVEL = 0;
				GCC_PREPROCESSOR_DEFINITIONS = (
					"DEBUG=1",
					"$(inherited)",
				);
				GCC_WARN_64_TO_32_BIT_CONVERSION = YES;
				GCC_WARN_ABOUT_RETURN_TYPE = YES_ERROR;
				GCC_WARN_UNDECLARED_SELECTOR = YES;
				GCC_WARN_UNINITIALIZED_AUTOS = YES_AGGRESSIVE;
				GCC_WARN_UNUSED_FUNCTION = YES;
				GCC_WARN_UNUSED_VARIABLE = YES;
				IPHONEOS_DEPLOYMENT_TARGET = 26.1;
				LOCALIZATION_PREFERS_STRING_CATALOGS = YES;
				MTL_ENABLE_DEBUG_INFO = INCLUDE_SOURCE;
				MTL_FAST_MATH = YES;
				ONLY_ACTIVE_ARCH = YES;
				SDKROOT = iphoneos;
				SWIFT_ACTIVE_COMPILATION_CONDITIONS = "DEBUG $(inherited)";
				SWIFT_OPTIMIZATION_LEVEL = "-Onone";
			};
			name = Debug;
		};
		2781B4BD2FD4AF900063B7F0 /* Release */ = {
			isa = XCBuildConfiguration;
			buildSettings = {
				ALWAYS_SEARCH_USER_PATHS = NO;
				ASSETCATALOG_COMPILER_GENERATE_SWIFT_ASSET_SYMBOL_EXTENSIONS = YES;
				CLANG_ANALYZER_NONNULL = YES;
				CLANG_ANALYZER_NUMBER_OBJECT_CONVERSION = YES_AGGRESSIVE;
				CLANG_CXX_LANGUAGE_STANDARD = "gnu++20";
				CLANG_ENABLE_MODULES = YES;
				CLANG_ENABLE_OBJC_ARC = YES;
				CLANG_ENABLE_OBJC_WEAK = YES;
				CLANG_WARN_BLOCK_CAPTURE_AUTORELEASING = YES;
				CLANG_WARN_BOOL_CONVERSION = YES;
				CLANG_WARN_COMMA = YES;
				CLANG_WARN_CONSTANT_CONVERSION = YES;
				CLANG_WARN_DEPRECATED_OBJC_IMPLEMENTATIONS = YES;
				CLANG_WARN_DIRECT_OBJC_ISA_USAGE = YES_ERROR;
				CLANG_WARN_DOCUMENTATION_COMMENTS = YES;
				CLANG_WARN_EMPTY_BODY = YES;
				CLANG_WARN_ENUM_CONVERSION = YES;
				CLANG_WARN_INFINITE_RECURSION = YES;
				CLANG_WARN_INT_CONVERSION = YES;
				CLANG_WARN_NON_LITERAL_NULL_CONVERSION = YES;
				CLANG_WARN_OBJC_IMPLICIT_RETAIN_SELF = YES;
				CLANG_WARN_OBJC_LITERAL_CONVERSION = YES;
				CLANG_WARN_OBJC_ROOT_CLASS = YES_ERROR;
				CLANG_WARN_QUOTED_INCLUDE_IN_FRAMEWORK_HEADER = YES;
				CLANG_WARN_RANGE_LOOP_ANALYSIS = YES;
				CLANG_WARN_STRICT_PROTOTYPES = YES;
				CLANG_WARN_SUSPICIOUS_MOVE = YES;
				CLANG_WARN_UNGUARDED_AVAILABILITY = YES_AGGRESSIVE;
				CLANG_WARN_UNREACHABLE_CODE = YES;
				CLANG_WARN__DUPLICATE_METHOD_MATCH = YES;
				COPY_PHASE_STRIP = NO;
				DEBUG_INFORMATION_FORMAT = "dwarf-with-dsym";
				ENABLE_NS_ASSERTIONS = NO;
				ENABLE_STRICT_OBJC_MSGSEND = YES;
				ENABLE_USER_SCRIPT_SANDBOXING = YES;
				GCC_C_LANGUAGE_STANDARD = gnu17;
				GCC_NO_COMMON_BLOCKS = YES;
				GCC_WARN_64_TO_32_BIT_CONVERSION = YES;
				GCC_WARN_ABOUT_RETURN_TYPE = YES_ERROR;
				GCC_WARN_UNDECLARED_SELECTOR = YES;
				GCC_WARN_UNINITIALIZED_AUTOS = YES_AGGRESSIVE;
				GCC_WARN_UNUSED_FUNCTION = YES;
				GCC_WARN_UNUSED_VARIABLE = YES;
				IPHONEOS_DEPLOYMENT_TARGET = 26.1;
				LOCALIZATION_PREFERS_STRING_CATALOGS = YES;
				MTL_ENABLE_DEBUG_INFO = NO;
				MTL_FAST_MATH = YES;
				SDKROOT = iphoneos;
				SWIFT_COMPILATION_MODE = wholemodule;
				VALIDATE_PRODUCT = YES;
			};
			name = Release;
		};
		2781B4BF2FD4AF900063B7F0 /* Debug */ = {
			isa = XCBuildConfiguration;
			buildSettings = {
				BUNDLE_LOADER = "$(TEST_HOST)";
				CODE_SIGN_STYLE = Automatic;
				CURRENT_PROJECT_VERSION = 1;
				GENERATE_INFOPLIST_FILE = YES;
				IPHONEOS_DEPLOYMENT_TARGET = 26.1;
				MARKETING_VERSION = 1.0;
				PRODUCT_BUNDLE_IDENTIFIER = vinicius.InventoryManagerTests;
				PRODUCT_NAME = "$(TARGET_NAME)";
				STRING_CATALOG_GENERATE_SYMBOLS = NO;
				SWIFT_APPROACHABLE_CONCURRENCY = YES;
				SWIFT_EMIT_LOC_STRINGS = NO;
				SWIFT_UPCOMING_FEATURE_MEMBER_IMPORT_VISIBILITY = YES;
				SWIFT_VERSION = 5.0;
				TARGETED_DEVICE_FAMILY = "1,2";
				TEST_HOST = "$(BUILT_PRODUCTS_DIR)/InventoryManager.app/$(BUNDLE_EXECUTABLE_FOLDER_PATH)/InventoryManager";
			};
			name = Debug;
		};
		2781B4C02FD4AF900063B7F0 /* Release */ = {
			isa = XCBuildConfiguration;
			buildSettings = {
				BUNDLE_LOADER = "$(TEST_HOST)";
				CODE_SIGN_STYLE = Automatic;
				CURRENT_PROJECT_VERSION = 1;
				GENERATE_INFOPLIST_FILE = YES;
				IPHONEOS_DEPLOYMENT_TARGET = 26.1;
				MARKETING_VERSION = 1.0;
				PRODUCT_BUNDLE_IDENTIFIER = vinicius.InventoryManagerTests;
				PRODUCT_NAME = "$(TARGET_NAME)";
				STRING_CATALOG_GENERATE_SYMBOLS = NO;
				SWIFT_APPROACHABLE_CONCURRENCY = YES;
				SWIFT_EMIT_LOC_STRINGS = NO;
				SWIFT_UPCOMING_FEATURE_MEMBER_IMPORT_VISIBILITY = YES;
				SWIFT_VERSION = 5.0;
				TARGETED_DEVICE_FAMILY = "1,2";
				TEST_HOST = "$(BUILT_PRODUCTS_DIR)/InventoryManager.app/$(BUNDLE_EXECUTABLE_FOLDER_PATH)/InventoryManager";
			};
			name = Release;
		};
		2781B4C22FD4AF900063B7F0 /* Debug */ = {
			isa = XCBuildConfiguration;
			buildSettings = {
				CODE_SIGN_STYLE = Automatic;
				CURRENT_PROJECT_VERSION = 1;
				GENERATE_INFOPLIST_FILE = YES;
				MARKETING_VERSION = 1.0;
				PRODUCT_BUNDLE_IDENTIFIER = vinicius.InventoryManagerUITests;
				PRODUCT_NAME = "$(TARGET_NAME)";
				STRING_CATALOG_GENERATE_SYMBOLS = NO;
				SWIFT_APPROACHABLE_CONCURRENCY = YES;
				SWIFT_EMIT_LOC_STRINGS = NO;
				SWIFT_UPCOMING_FEATURE_MEMBER_IMPORT_VISIBILITY = YES;
				SWIFT_VERSION = 5.0;
				TARGETED_DEVICE_FAMILY = "1,2";
				TEST_TARGET_NAME = InventoryManager;
			};
			name = Debug;
		};
		2781B4C32FD4AF900063B7F0 /* Release */ = {
			isa = XCBuildConfiguration;
			buildSettings = {
				CODE_SIGN_STYLE = Automatic;
				CURRENT_PROJECT_VERSION = 1;
				GENERATE_INFOPLIST_FILE = YES;
				MARKETING_VERSION = 1.0;
				PRODUCT_BUNDLE_IDENTIFIER = vinicius.InventoryManagerUITests;
				PRODUCT_NAME = "$(TARGET_NAME)";
				STRING_CATALOG_GENERATE_SYMBOLS = NO;
				SWIFT_APPROACHABLE_CONCURRENCY = YES;
				SWIFT_EMIT_LOC_STRINGS = NO;
				SWIFT_UPCOMING_FEATURE_MEMBER_IMPORT_VISIBILITY = YES;
				SWIFT_VERSION = 5.0;
				TARGETED_DEVICE_FAMILY = "1,2";
				TEST_TARGET_NAME = InventoryManager;
			};
			name = Release;
		};
/* End XCBuildConfiguration section */

/* Begin XCConfigurationList section */
		2781B48B2FD4AF8C0063B7F0 /* Build configuration list for PBXProject "InventoryManager" */ = {
			isa = XCConfigurationList;
			buildConfigurations = (
				2781B4BC2FD4AF900063B7F0 /* Debug */,
				2781B4BD2FD4AF900063B7F0 /* Release */,
			);
			defaultConfigurationIsVisible = 0;
			defaultConfigurationName = Release;
		};
		2781B4B92FD4AF900063B7F0 /* Build configuration list for PBXNativeTarget "InventoryManager" */ = {
			isa = XCConfigurationList;
			buildConfigurations = (
				2781B4BA2FD4AF900063B7F0 /* Debug */,
				2781B4BB2FD4AF900063B7F0 /* Release */,
			);
			defaultConfigurationIsVisible = 0;
			defaultConfigurationName = Release;
		};
		2781B4BE2FD4AF900063B7F0 /* Build configuration list for PBXNativeTarget "InventoryManagerTests" */ = {
			isa = XCConfigurationList;
			buildConfigurations = (
				2781B4BF2FD4AF900063B7F0 /* Debug */,
				2781B4C02FD4AF900063B7F0 /* Release */,
			);
			defaultConfigurationIsVisible = 0;
			defaultConfigurationName = Release;
		};
		2781B4C12FD4AF900063B7F0 /* Build configuration list for PBXNativeTarget "InventoryManagerUITests" */ = {
			isa = XCConfigurationList;
			buildConfigurations = (
				2781B4C22FD4AF900063B7F0 /* Debug */,
				2781B4C32FD4AF900063B7F0 /* Release */,
			);
			defaultConfigurationIsVisible = 0;
			defaultConfigurationName = Release;
		};
/* End XCConfigurationList section */
	};
	rootObject = 2781B4882FD4AF8C0063B7F0 /* Project object */;
}
